// !$*UTF8*$!
{
	archiveVersion = 1;
	classes = {
	};
	objectVersion = 46;
	objects = {

/* Begin PBXBuildFile section */
		1CBA6AAF4F762A9C1B871EC3 /* Pods_RizeUITests.framework in Frameworks */ = {isa = PBXBuildFile; fileRef = 1332FA95016A53F6ADCB355B /* Pods_RizeUITests.framework */; };
		343910C41E0AD05E003DA86D /* ArrowBaseShape.swift in Sources */ = {isa = PBXBuildFile; fileRef = 343910C31E0AD05E003DA86D /* ArrowBaseShape.swift */; };
		343910C61E0AD071003DA86D /* ArrowTipShape.swift in Sources */ = {isa = PBXBuildFile; fileRef = 343910C51E0AD071003DA86D /* ArrowTipShape.swift */; };
		343910C81E0B0E97003DA86D /* RZSubmission.swift in Sources */ = {isa = PBXBuildFile; fileRef = 343910C71E0B0E97003DA86D /* RZSubmission.swift */; };
		343D51E11D329B5800E8741E /* RZSettingsTableViewController.swift in Sources */ = {isa = PBXBuildFile; fileRef = 343D51E01D329B5800E8741E /* RZSettingsTableViewController.swift */; };
		344429931D2821EA00F44401 /* RZMeViewController.swift in Sources */ = {isa = PBXBuildFile; fileRef = 344429921D2821EA00F44401 /* RZMeViewController.swift */; };
		344429951D28447100F44401 /* RZUser.swift in Sources */ = {isa = PBXBuildFile; fileRef = 344429941D28447100F44401 /* RZUser.swift */; };
		3445D3D91D0F8D4B00866BB2 /* MediaPlayer.framework in Frameworks */ = {isa = PBXBuildFile; fileRef = 3445D3D81D0F8D4B00866BB2 /* MediaPlayer.framework */; };
		3447A12E1D01117B00AAB490 /* RZChallengeDetailViewController.swift in Sources */ = {isa = PBXBuildFile; fileRef = 3447A12D1D01117B00AAB490 /* RZChallengeDetailViewController.swift */; };
		3447A1351D01227800AAB490 /* ImageLoader.swift in Sources */ = {isa = PBXBuildFile; fileRef = 3447A1341D01227800AAB490 /* ImageLoader.swift */; };
		345A51431E0C1F4E0051840F /* RZSubmissionDetailViewController.swift in Sources */ = {isa = PBXBuildFile; fileRef = 345A51421E0C1F4E0051840F /* RZSubmissionDetailViewController.swift */; };
		345A51451E0C219D0051840F /* RZCircularProgressView.swift in Sources */ = {isa = PBXBuildFile; fileRef = 345A51441E0C219D0051840F /* RZCircularProgressView.swift */; };
		345A51471E0C4C7A0051840F /* RZGeofence.swift in Sources */ = {isa = PBXBuildFile; fileRef = 345A51461E0C4C7A0051840F /* RZGeofence.swift */; };
		345B93B91CF7D4BA00456D84 /* RZChallenge.swift in Sources */ = {isa = PBXBuildFile; fileRef = 345B93B81CF7D4BA00456D84 /* RZChallenge.swift */; };
		345DFEE51E143E7D00DB216A /* RZColors.swift in Sources */ = {isa = PBXBuildFile; fileRef = 345DFEE41E143E7D00DB216A /* RZColors.swift */; };
		3478F0401D61197100113EB1 /* RZDatabase.swift in Sources */ = {isa = PBXBuildFile; fileRef = 3478F03F1D61197100113EB1 /* RZDatabase.swift */; };
		34813A0D1CE7783400417CD2 /* AppDelegate.swift in Sources */ = {isa = PBXBuildFile; fileRef = 34813A0C1CE7783400417CD2 /* AppDelegate.swift */; };
		34813A121CE7783400417CD2 /* Main.storyboard in Resources */ = {isa = PBXBuildFile; fileRef = 34813A101CE7783400417CD2 /* Main.storyboard */; };
		34813A141CE7783400417CD2 /* Assets.xcassets in Resources */ = {isa = PBXBuildFile; fileRef = 34813A131CE7783400417CD2 /* Assets.xcassets */; };
		34813A171CE7783400417CD2 /* LaunchScreen.storyboard in Resources */ = {isa = PBXBuildFile; fileRef = 34813A151CE7783400417CD2 /* LaunchScreen.storyboard */; };
		34813A221CE7783400417CD2 /* RizeTests.swift in Sources */ = {isa = PBXBuildFile; fileRef = 34813A211CE7783400417CD2 /* RizeTests.swift */; };
		34813A2D1CE7783500417CD2 /* RizeUITests.swift in Sources */ = {isa = PBXBuildFile; fileRef = 34813A2C1CE7783500417CD2 /* RizeUITests.swift */; };
		3483D0DD1CF6710B00832BE4 /* RZBrowseViewController.swift in Sources */ = {isa = PBXBuildFile; fileRef = 3483D0DC1CF6710B00832BE4 /* RZBrowseViewController.swift */; };
		348CBA4C1D80ADD7003678F7 /* RZStorage.swift in Sources */ = {isa = PBXBuildFile; fileRef = 348CBA4B1D80ADD7003678F7 /* RZStorage.swift */; };
		34AAC6571DDE264F0087D59E /* Bolts.framework in Frameworks */ = {isa = PBXBuildFile; fileRef = 34AAC6531DDE264F0087D59E /* Bolts.framework */; };
		34AAC6581DDE264F0087D59E /* FBSDKCoreKit.framework in Frameworks */ = {isa = PBXBuildFile; fileRef = 34AAC6541DDE264F0087D59E /* FBSDKCoreKit.framework */; };
		34AAC6591DDE264F0087D59E /* FBSDKLoginKit.framework in Frameworks */ = {isa = PBXBuildFile; fileRef = 34AAC6551DDE264F0087D59E /* FBSDKLoginKit.framework */; };
		34AAC65A1DDE264F0087D59E /* FBSDKShareKit.framework in Frameworks */ = {isa = PBXBuildFile; fileRef = 34AAC6561DDE264F0087D59E /* FBSDKShareKit.framework */; };
		34B4EB461E33F3B800009C20 /* RZLegalViewController.swift in Sources */ = {isa = PBXBuildFile; fileRef = 34B4EB451E33F3B800009C20 /* RZLegalViewController.swift */; };
		34B606AE1D6003490031DA5D /* GoogleService-Info.plist in Resources */ = {isa = PBXBuildFile; fileRef = 34B606AD1D6003490031DA5D /* GoogleService-Info.plist */; };
		34BCC6431D9D6F52002F85AA /* MobileCoreServices.framework in Frameworks */ = {isa = PBXBuildFile; fileRef = 34BCC6421D9D6F52002F85AA /* MobileCoreServices.framework */; };
		34CB5F701D1A124B00B0E95B /* RZCameraViewController.swift in Sources */ = {isa = PBXBuildFile; fileRef = 34CB5F6F1D1A124B00B0E95B /* RZCameraViewController.swift */; };
		34DC55AE1CFE6D5D00359C44 /* RZChallengeCollectionViewCell.swift in Sources */ = {isa = PBXBuildFile; fileRef = 34DC55AD1CFE6D5D00359C44 /* RZChallengeCollectionViewCell.swift */; };
		34DE791E1D5E14E100803148 /* RZLoginViewController.swift in Sources */ = {isa = PBXBuildFile; fileRef = 34DE791D1D5E14E100803148 /* RZLoginViewController.swift */; };
		34E00F2F1E09AE2E00542A06 /* RZUploadAlertViewController.swift in Sources */ = {isa = PBXBuildFile; fileRef = 34E00F2E1E09AE2E00542A06 /* RZUploadAlertViewController.swift */; };
		34E00F311E09C43100542A06 /* LoadingArcShape.swift in Sources */ = {isa = PBXBuildFile; fileRef = 34E00F301E09C43100542A06 /* LoadingArcShape.swift */; };
		34EC2E7A1E156BD20033E827 /* RZSubmissionTableViewCell.swift in Sources */ = {isa = PBXBuildFile; fileRef = 34EC2E791E156BD20033E827 /* RZSubmissionTableViewCell.swift */; };
		34F800AD1E120642005D11E0 /* RZFBGraphRequestHelper.swift in Sources */ = {isa = PBXBuildFile; fileRef = 34F800AC1E120642005D11E0 /* RZFBGraphRequestHelper.swift */; };
		37AEC37F429E0387E91D9FC8 /* Pods_Rize.framework in Frameworks */ = {isa = PBXBuildFile; fileRef = 0D10661D745FC4162B6F1E84 /* Pods_Rize.framework */; };
		48ECB7F64AF42F69C000141E /* Pods_RizeTests.framework in Frameworks */ = {isa = PBXBuildFile; fileRef = 2214942F74CB0BBFD869C154 /* Pods_RizeTests.framework */; };
/* End PBXBuildFile section */

/* Begin PBXContainerItemProxy section */
		34813A1E1CE7783400417CD2 /* PBXContainerItemProxy */ = {
			isa = PBXContainerItemProxy;
			containerPortal = 34813A011CE7783400417CD2 /* Project object */;
			proxyType = 1;
			remoteGlobalIDString = 34813A081CE7783400417CD2;
			remoteInfo = Rize;
		};
		34813A291CE7783500417CD2 /* PBXContainerItemProxy */ = {
			isa = PBXContainerItemProxy;
			containerPortal = 34813A011CE7783400417CD2 /* Project object */;
			proxyType = 1;
			remoteGlobalIDString = 34813A081CE7783400417CD2;
			remoteInfo = Rize;
		};
/* End PBXContainerItemProxy section */

/* Begin PBXCopyFilesBuildPhase section */
		344D69A91D5D0BAF005F18E9 /* Embed Frameworks */ = {
			isa = PBXCopyFilesBuildPhase;
			buildActionMask = 2147483647;
			dstPath = "";
			dstSubfolderSpec = 10;
			files = (
			);
			name = "Embed Frameworks";
			runOnlyForDeploymentPostprocessing = 0;
		};
/* End PBXCopyFilesBuildPhase section */

/* Begin PBXFileReference section */
		05034A37EE05C5D25A3C1520 /* Pods-Rize.release.xcconfig */ = {isa = PBXFileReference; includeInIndex = 1; lastKnownFileType = text.xcconfig; name = "Pods-Rize.release.xcconfig"; path = "Pods/Target Support Files/Pods-Rize/Pods-Rize.release.xcconfig"; sourceTree = "<group>"; };
		0D10661D745FC4162B6F1E84 /* Pods_Rize.framework */ = {isa = PBXFileReference; explicitFileType = wrapper.framework; includeInIndex = 0; path = Pods_Rize.framework; sourceTree = BUILT_PRODUCTS_DIR; };
		1332FA95016A53F6ADCB355B /* Pods_RizeUITests.framework */ = {isa = PBXFileReference; explicitFileType = wrapper.framework; includeInIndex = 0; path = Pods_RizeUITests.framework; sourceTree = BUILT_PRODUCTS_DIR; };
		2214942F74CB0BBFD869C154 /* Pods_RizeTests.framework */ = {isa = PBXFileReference; explicitFileType = wrapper.framework; includeInIndex = 0; path = Pods_RizeTests.framework; sourceTree = BUILT_PRODUCTS_DIR; };
		343910C31E0AD05E003DA86D /* ArrowBaseShape.swift */ = {isa = PBXFileReference; fileEncoding = 4; lastKnownFileType = sourcecode.swift; path = ArrowBaseShape.swift; sourceTree = "<group>"; };
		343910C51E0AD071003DA86D /* ArrowTipShape.swift */ = {isa = PBXFileReference; fileEncoding = 4; lastKnownFileType = sourcecode.swift; path = ArrowTipShape.swift; sourceTree = "<group>"; };
		343910C71E0B0E97003DA86D /* RZSubmission.swift */ = {isa = PBXFileReference; fileEncoding = 4; lastKnownFileType = sourcecode.swift; path = RZSubmission.swift; sourceTree = "<group>"; };
		343D51E01D329B5800E8741E /* RZSettingsTableViewController.swift */ = {isa = PBXFileReference; fileEncoding = 4; lastKnownFileType = sourcecode.swift; path = RZSettingsTableViewController.swift; sourceTree = "<group>"; };
		344429921D2821EA00F44401 /* RZMeViewController.swift */ = {isa = PBXFileReference; fileEncoding = 4; lastKnownFileType = sourcecode.swift; path = RZMeViewController.swift; sourceTree = "<group>"; };
		344429941D28447100F44401 /* RZUser.swift */ = {isa = PBXFileReference; fileEncoding = 4; lastKnownFileType = sourcecode.swift; path = RZUser.swift; sourceTree = "<group>"; };
		3445D3D81D0F8D4B00866BB2 /* MediaPlayer.framework */ = {isa = PBXFileReference; lastKnownFileType = wrapper.framework; name = MediaPlayer.framework; path = System/Library/Frameworks/MediaPlayer.framework; sourceTree = SDKROOT; };
		3446BA101DE3950900F5B429 /* Rize.entitlements */ = {isa = PBXFileReference; lastKnownFileType = text.plist.entitlements; path = Rize.entitlements; sourceTree = "<group>"; };
		3447A12D1D01117B00AAB490 /* RZChallengeDetailViewController.swift */ = {isa = PBXFileReference; fileEncoding = 4; lastKnownFileType = sourcecode.swift; path = RZChallengeDetailViewController.swift; sourceTree = "<group>"; };
		3447A1341D01227800AAB490 /* ImageLoader.swift */ = {isa = PBXFileReference; fileEncoding = 4; lastKnownFileType = sourcecode.swift; path = ImageLoader.swift; sourceTree = "<group>"; };
		345A51421E0C1F4E0051840F /* RZSubmissionDetailViewController.swift */ = {isa = PBXFileReference; fileEncoding = 4; lastKnownFileType = sourcecode.swift; path = RZSubmissionDetailViewController.swift; sourceTree = "<group>"; };
		345A51441E0C219D0051840F /* RZCircularProgressView.swift */ = {isa = PBXFileReference; fileEncoding = 4; lastKnownFileType = sourcecode.swift; path = RZCircularProgressView.swift; sourceTree = "<group>"; };
		345A51461E0C4C7A0051840F /* RZGeofence.swift */ = {isa = PBXFileReference; fileEncoding = 4; lastKnownFileType = sourcecode.swift; path = RZGeofence.swift; sourceTree = "<group>"; };
		345B93B81CF7D4BA00456D84 /* RZChallenge.swift */ = {isa = PBXFileReference; fileEncoding = 4; lastKnownFileType = sourcecode.swift; path = RZChallenge.swift; sourceTree = "<group>"; };
		345DFEE41E143E7D00DB216A /* RZColors.swift */ = {isa = PBXFileReference; fileEncoding = 4; lastKnownFileType = sourcecode.swift; path = RZColors.swift; sourceTree = "<group>"; };
		3478F03F1D61197100113EB1 /* RZDatabase.swift */ = {isa = PBXFileReference; fileEncoding = 4; lastKnownFileType = sourcecode.swift; path = RZDatabase.swift; sourceTree = "<group>"; };
		34813A091CE7783400417CD2 /* Rize.app */ = {isa = PBXFileReference; explicitFileType = wrapper.application; includeInIndex = 0; path = Rize.app; sourceTree = BUILT_PRODUCTS_DIR; };
		34813A0C1CE7783400417CD2 /* AppDelegate.swift */ = {isa = PBXFileReference; lastKnownFileType = sourcecode.swift; path = AppDelegate.swift; sourceTree = "<group>"; };
		34813A111CE7783400417CD2 /* Base */ = {isa = PBXFileReference; lastKnownFileType = file.storyboard; name = Base; path = Base.lproj/Main.storyboard; sourceTree = "<group>"; };
		34813A131CE7783400417CD2 /* Assets.xcassets */ = {isa = PBXFileReference; lastKnownFileType = folder.assetcatalog; path = Assets.xcassets; sourceTree = "<group>"; };
		34813A161CE7783400417CD2 /* Base */ = {isa = PBXFileReference; lastKnownFileType = file.storyboard; name = Base; path = Base.lproj/LaunchScreen.storyboard; sourceTree = "<group>"; };
		34813A181CE7783400417CD2 /* Info.plist */ = {isa = PBXFileReference; lastKnownFileType = text.plist.xml; path = Info.plist; sourceTree = "<group>"; };
		34813A1D1CE7783400417CD2 /* RizeTests.xctest */ = {isa = PBXFileReference; explicitFileType = wrapper.cfbundle; includeInIndex = 0; path = RizeTests.xctest; sourceTree = BUILT_PRODUCTS_DIR; };
		34813A211CE7783400417CD2 /* RizeTests.swift */ = {isa = PBXFileReference; lastKnownFileType = sourcecode.swift; path = RizeTests.swift; sourceTree = "<group>"; };
		34813A231CE7783400417CD2 /* Info.plist */ = {isa = PBXFileReference; lastKnownFileType = text.plist.xml; path = Info.plist; sourceTree = "<group>"; };
		34813A281CE7783500417CD2 /* RizeUITests.xctest */ = {isa = PBXFileReference; explicitFileType = wrapper.cfbundle; includeInIndex = 0; path = RizeUITests.xctest; sourceTree = BUILT_PRODUCTS_DIR; };
		34813A2C1CE7783500417CD2 /* RizeUITests.swift */ = {isa = PBXFileReference; lastKnownFileType = sourcecode.swift; path = RizeUITests.swift; sourceTree = "<group>"; };
		34813A2E1CE7783500417CD2 /* Info.plist */ = {isa = PBXFileReference; lastKnownFileType = text.plist.xml; path = Info.plist; sourceTree = "<group>"; };
		3483D0DC1CF6710B00832BE4 /* RZBrowseViewController.swift */ = {isa = PBXFileReference; fileEncoding = 4; lastKnownFileType = sourcecode.swift; path = RZBrowseViewController.swift; sourceTree = "<group>"; };
		348CBA4B1D80ADD7003678F7 /* RZStorage.swift */ = {isa = PBXFileReference; fileEncoding = 4; lastKnownFileType = sourcecode.swift; path = RZStorage.swift; sourceTree = "<group>"; };
		348E7A3C1D6004E800232D50 /* Rize-Bridging-Header.h */ = {isa = PBXFileReference; lastKnownFileType = sourcecode.c.h; path = "Rize-Bridging-Header.h"; sourceTree = "<group>"; };
		34AAC6531DDE264F0087D59E /* Bolts.framework */ = {isa = PBXFileReference; lastKnownFileType = wrapper.framework; path = Bolts.framework; sourceTree = "<group>"; };
		34AAC6541DDE264F0087D59E /* FBSDKCoreKit.framework */ = {isa = PBXFileReference; lastKnownFileType = wrapper.framework; path = FBSDKCoreKit.framework; sourceTree = "<group>"; };
		34AAC6551DDE264F0087D59E /* FBSDKLoginKit.framework */ = {isa = PBXFileReference; lastKnownFileType = wrapper.framework; path = FBSDKLoginKit.framework; sourceTree = "<group>"; };
		34AAC6561DDE264F0087D59E /* FBSDKShareKit.framework */ = {isa = PBXFileReference; lastKnownFileType = wrapper.framework; path = FBSDKShareKit.framework; sourceTree = "<group>"; };
		34B4EB451E33F3B800009C20 /* RZLegalViewController.swift */ = {isa = PBXFileReference; fileEncoding = 4; lastKnownFileType = sourcecode.swift; path = RZLegalViewController.swift; sourceTree = "<group>"; };
		34B606AD1D6003490031DA5D /* GoogleService-Info.plist */ = {isa = PBXFileReference; fileEncoding = 4; lastKnownFileType = text.plist.xml; path = "GoogleService-Info.plist"; sourceTree = "<group>"; };
		34BCC6421D9D6F52002F85AA /* MobileCoreServices.framework */ = {isa = PBXFileReference; lastKnownFileType = wrapper.framework; name = MobileCoreServices.framework; path = System/Library/Frameworks/MobileCoreServices.framework; sourceTree = SDKROOT; };
		34CB5F6F1D1A124B00B0E95B /* RZCameraViewController.swift */ = {isa = PBXFileReference; fileEncoding = 4; lastKnownFileType = sourcecode.swift; path = RZCameraViewController.swift; sourceTree = "<group>"; };
		34DC55AD1CFE6D5D00359C44 /* RZChallengeCollectionViewCell.swift */ = {isa = PBXFileReference; fileEncoding = 4; lastKnownFileType = sourcecode.swift; path = RZChallengeCollectionViewCell.swift; sourceTree = "<group>"; };
		34DE791D1D5E14E100803148 /* RZLoginViewController.swift */ = {isa = PBXFileReference; fileEncoding = 4; lastKnownFileType = sourcecode.swift; path = RZLoginViewController.swift; sourceTree = "<group>"; };
		34E00F2E1E09AE2E00542A06 /* RZUploadAlertViewController.swift */ = {isa = PBXFileReference; fileEncoding = 4; lastKnownFileType = sourcecode.swift; path = RZUploadAlertViewController.swift; sourceTree = "<group>"; };
		34E00F301E09C43100542A06 /* LoadingArcShape.swift */ = {isa = PBXFileReference; fileEncoding = 4; lastKnownFileType = sourcecode.swift; name = LoadingArcShape.swift; path = Rize/Components/LoadingArcShape.swift; sourceTree = SOURCE_ROOT; };
		34EC2E791E156BD20033E827 /* RZSubmissionTableViewCell.swift */ = {isa = PBXFileReference; fileEncoding = 4; lastKnownFileType = sourcecode.swift; path = RZSubmissionTableViewCell.swift; sourceTree = "<group>"; };
		34F800AC1E120642005D11E0 /* RZFBGraphRequestHelper.swift */ = {isa = PBXFileReference; fileEncoding = 4; lastKnownFileType = sourcecode.swift; path = RZFBGraphRequestHelper.swift; sourceTree = "<group>"; };
		9565951270174C9FAB6A3EAB /* Pods-RizeUITests.release.xcconfig */ = {isa = PBXFileReference; includeInIndex = 1; lastKnownFileType = text.xcconfig; name = "Pods-RizeUITests.release.xcconfig"; path = "Pods/Target Support Files/Pods-RizeUITests/Pods-RizeUITests.release.xcconfig"; sourceTree = "<group>"; };
		A192DE98B4C47ED8F4322BE3 /* Pods-RizeTests.debug.xcconfig */ = {isa = PBXFileReference; includeInIndex = 1; lastKnownFileType = text.xcconfig; name = "Pods-RizeTests.debug.xcconfig"; path = "Pods/Target Support Files/Pods-RizeTests/Pods-RizeTests.debug.xcconfig"; sourceTree = "<group>"; };
		C502535F03F4CCB9E3312FEE /* Pods-RizeTests.release.xcconfig */ = {isa = PBXFileReference; includeInIndex = 1; lastKnownFileType = text.xcconfig; name = "Pods-RizeTests.release.xcconfig"; path = "Pods/Target Support Files/Pods-RizeTests/Pods-RizeTests.release.xcconfig"; sourceTree = "<group>"; };
		D5453F85682B433F5E841673 /* Pods-RizeUITests.debug.xcconfig */ = {isa = PBXFileReference; includeInIndex = 1; lastKnownFileType = text.xcconfig; name = "Pods-RizeUITests.debug.xcconfig"; path = "Pods/Target Support Files/Pods-RizeUITests/Pods-RizeUITests.debug.xcconfig"; sourceTree = "<group>"; };
		F9B769BA519B135B3790B051 /* Pods-Rize.debug.xcconfig */ = {isa = PBXFileReference; includeInIndex = 1; lastKnownFileType = text.xcconfig; name = "Pods-Rize.debug.xcconfig"; path = "Pods/Target Support Files/Pods-Rize/Pods-Rize.debug.xcconfig"; sourceTree = "<group>"; };
/* End PBXFileReference section */

/* Begin PBXFrameworksBuildPhase section */
		34813A061CE7783400417CD2 /* Frameworks */ = {
			isa = PBXFrameworksBuildPhase;
			buildActionMask = 2147483647;
			files = (
				34AAC6581DDE264F0087D59E /* FBSDKCoreKit.framework in Frameworks */,
				34BCC6431D9D6F52002F85AA /* MobileCoreServices.framework in Frameworks */,
				34AAC6591DDE264F0087D59E /* FBSDKLoginKit.framework in Frameworks */,
				34AAC65A1DDE264F0087D59E /* FBSDKShareKit.framework in Frameworks */,
				3445D3D91D0F8D4B00866BB2 /* MediaPlayer.framework in Frameworks */,
				37AEC37F429E0387E91D9FC8 /* Pods_Rize.framework in Frameworks */,
				34AAC6571DDE264F0087D59E /* Bolts.framework in Frameworks */,
			);
			runOnlyForDeploymentPostprocessing = 0;
		};
		34813A1A1CE7783400417CD2 /* Frameworks */ = {
			isa = PBXFrameworksBuildPhase;
			buildActionMask = 2147483647;
			files = (
				48ECB7F64AF42F69C000141E /* Pods_RizeTests.framework in Frameworks */,
			);
			runOnlyForDeploymentPostprocessing = 0;
		};
		34813A251CE7783500417CD2 /* Frameworks */ = {
			isa = PBXFrameworksBuildPhase;
			buildActionMask = 2147483647;
			files = (
				1CBA6AAF4F762A9C1B871EC3 /* Pods_RizeUITests.framework in Frameworks */,
			);
			runOnlyForDeploymentPostprocessing = 0;
		};
/* End PBXFrameworksBuildPhase section */

/* Begin PBXGroup section */
		1D75A75531AAA4182C9F161E /* Pods */ = {
			isa = PBXGroup;
			children = (
				F9B769BA519B135B3790B051 /* Pods-Rize.debug.xcconfig */,
				05034A37EE05C5D25A3C1520 /* Pods-Rize.release.xcconfig */,
				A192DE98B4C47ED8F4322BE3 /* Pods-RizeTests.debug.xcconfig */,
				C502535F03F4CCB9E3312FEE /* Pods-RizeTests.release.xcconfig */,
				D5453F85682B433F5E841673 /* Pods-RizeUITests.debug.xcconfig */,
				9565951270174C9FAB6A3EAB /* Pods-RizeUITests.release.xcconfig */,
			);
			name = Pods;
			sourceTree = "<group>";
		};
		3447A12F1D01119000AAB490 /* Controllers */ = {
			isa = PBXGroup;
			children = (
				3483D0DC1CF6710B00832BE4 /* RZBrowseViewController.swift */,
				3447A12D1D01117B00AAB490 /* RZChallengeDetailViewController.swift */,
				34CB5F6F1D1A124B00B0E95B /* RZCameraViewController.swift */,
				344429921D2821EA00F44401 /* RZMeViewController.swift */,
				343D51E01D329B5800E8741E /* RZSettingsTableViewController.swift */,
				34DE791D1D5E14E100803148 /* RZLoginViewController.swift */,
				34E00F2E1E09AE2E00542A06 /* RZUploadAlertViewController.swift */,
				345A51421E0C1F4E0051840F /* RZSubmissionDetailViewController.swift */,
				34B4EB451E33F3B800009C20 /* RZLegalViewController.swift */,
			);
			path = Controllers;
			sourceTree = "<group>";
		};
		34813A001CE7783400417CD2 = {
			isa = PBXGroup;
			children = (
				34813A0B1CE7783400417CD2 /* Rize */,
				34813A201CE7783400417CD2 /* RizeTests */,
				34813A2B1CE7783500417CD2 /* RizeUITests */,
				34813A0A1CE7783400417CD2 /* Products */,
				3445D3D81D0F8D4B00866BB2 /* MediaPlayer.framework */,
				1D75A75531AAA4182C9F161E /* Pods */,
				C6A621CE2F0EF92E05E2E0DC /* Frameworks */,
			);
			sourceTree = "<group>";
		};
		34813A0A1CE7783400417CD2 /* Products */ = {
			isa = PBXGroup;
			children = (
				34813A091CE7783400417CD2 /* Rize.app */,
				34813A1D1CE7783400417CD2 /* RizeTests.xctest */,
				34813A281CE7783500417CD2 /* RizeUITests.xctest */,
			);
			name = Products;
			sourceTree = "<group>";
		};
		34813A0B1CE7783400417CD2 /* Rize */ = {
			isa = PBXGroup;
			children = (
				3446BA101DE3950900F5B429 /* Rize.entitlements */,
				34DC55AC1CFE6D0500359C44 /* Components */,
				34813A0C1CE7783400417CD2 /* AppDelegate.swift */,
				34813A101CE7783400417CD2 /* Main.storyboard */,
				3447A12F1D01119000AAB490 /* Controllers */,
				34DC55AA1CFE6CCA00359C44 /* Model */,
				34813A131CE7783400417CD2 /* Assets.xcassets */,
				34813A151CE7783400417CD2 /* LaunchScreen.storyboard */,
				34813A181CE7783400417CD2 /* Info.plist */,
				3447A1341D01227800AAB490 /* ImageLoader.swift */,
				34B606AD1D6003490031DA5D /* GoogleService-Info.plist */,
				348E7A3C1D6004E800232D50 /* Rize-Bridging-Header.h */,
			);
			path = Rize;
			sourceTree = "<group>";
		};
		34813A201CE7783400417CD2 /* RizeTests */ = {
			isa = PBXGroup;
			children = (
				34813A211CE7783400417CD2 /* RizeTests.swift */,
				34813A231CE7783400417CD2 /* Info.plist */,
			);
			path = RizeTests;
			sourceTree = "<group>";
		};
		34813A2B1CE7783500417CD2 /* RizeUITests */ = {
			isa = PBXGroup;
			children = (
				34813A2C1CE7783500417CD2 /* RizeUITests.swift */,
				34813A2E1CE7783500417CD2 /* Info.plist */,
			);
			path = RizeUITests;
			sourceTree = "<group>";
		};
		34DC55AA1CFE6CCA00359C44 /* Model */ = {
			isa = PBXGroup;
			children = (
				345B93B81CF7D4BA00456D84 /* RZChallenge.swift */,
				343910C71E0B0E97003DA86D /* RZSubmission.swift */,
				344429941D28447100F44401 /* RZUser.swift */,
				3478F03F1D61197100113EB1 /* RZDatabase.swift */,
				348CBA4B1D80ADD7003678F7 /* RZStorage.swift */,
				345A51461E0C4C7A0051840F /* RZGeofence.swift */,
				34F800AC1E120642005D11E0 /* RZFBGraphRequestHelper.swift */,
				345DFEE41E143E7D00DB216A /* RZColors.swift */,
			);
			path = Model;
			sourceTree = "<group>";
		};
		34DC55AC1CFE6D0500359C44 /* Components */ = {
			isa = PBXGroup;
			children = (
				34DC55AD1CFE6D5D00359C44 /* RZChallengeCollectionViewCell.swift */,
				34E00F301E09C43100542A06 /* LoadingArcShape.swift */,
				343910C31E0AD05E003DA86D /* ArrowBaseShape.swift */,
				343910C51E0AD071003DA86D /* ArrowTipShape.swift */,
				345A51441E0C219D0051840F /* RZCircularProgressView.swift */,
				34EC2E791E156BD20033E827 /* RZSubmissionTableViewCell.swift */,
			);
			path = Components;
			sourceTree = "<group>";
		};
		C6A621CE2F0EF92E05E2E0DC /* Frameworks */ = {
			isa = PBXGroup;
			children = (
				34AAC6531DDE264F0087D59E /* Bolts.framework */,
				34AAC6541DDE264F0087D59E /* FBSDKCoreKit.framework */,
				34AAC6551DDE264F0087D59E /* FBSDKLoginKit.framework */,
				34AAC6561DDE264F0087D59E /* FBSDKShareKit.framework */,
				34BCC6421D9D6F52002F85AA /* MobileCoreServices.framework */,
				0D10661D745FC4162B6F1E84 /* Pods_Rize.framework */,
				2214942F74CB0BBFD869C154 /* Pods_RizeTests.framework */,
				1332FA95016A53F6ADCB355B /* Pods_RizeUITests.framework */,
			);
			name = Frameworks;
			sourceTree = "<group>";
		};
/* End PBXGroup section */

/* Begin PBXNativeTarget section */
		34813A081CE7783400417CD2 /* Rize */ = {
			isa = PBXNativeTarget;
			buildConfigurationList = 34813A311CE7783500417CD2 /* Build configuration list for PBXNativeTarget "Rize" */;
			buildPhases = (
				6B5F9562B3EED19714D986E7 /* [CP] Check Pods Manifest.lock */,
				34813A051CE7783400417CD2 /* Sources */,
				34813A061CE7783400417CD2 /* Frameworks */,
				34813A071CE7783400417CD2 /* Resources */,
				344D69A91D5D0BAF005F18E9 /* Embed Frameworks */,
				7E5F6B62736580860989BFD8 /* [CP] Embed Pods Frameworks */,
				29EC340D7DF0F84C75063F45 /* [CP] Copy Pods Resources */,
				3403ABD81D81B98F005EE0BB /* ShellScript */,
			);
			buildRules = (
			);
			dependencies = (
			);
			name = Rize;
			productName = Rize;
			productReference = 34813A091CE7783400417CD2 /* Rize.app */;
			productType = "com.apple.product-type.application";
		};
		34813A1C1CE7783400417CD2 /* RizeTests */ = {
			isa = PBXNativeTarget;
			buildConfigurationList = 34813A341CE7783500417CD2 /* Build configuration list for PBXNativeTarget "RizeTests" */;
			buildPhases = (
				97C22275EF5C852EB2A42475 /* [CP] Check Pods Manifest.lock */,
				34813A191CE7783400417CD2 /* Sources */,
				34813A1A1CE7783400417CD2 /* Frameworks */,
				34813A1B1CE7783400417CD2 /* Resources */,
				E671C89AF1289B5899B540A5 /* [CP] Embed Pods Frameworks */,
				910A02983ED6F174FA0FA83C /* [CP] Copy Pods Resources */,
			);
			buildRules = (
			);
			dependencies = (
				34813A1F1CE7783400417CD2 /* PBXTargetDependency */,
			);
			name = RizeTests;
			productName = RizeTests;
			productReference = 34813A1D1CE7783400417CD2 /* RizeTests.xctest */;
			productType = "com.apple.product-type.bundle.unit-test";
		};
		34813A271CE7783500417CD2 /* RizeUITests */ = {
			isa = PBXNativeTarget;
			buildConfigurationList = 34813A371CE7783500417CD2 /* Build configuration list for PBXNativeTarget "RizeUITests" */;
			buildPhases = (
				A5022804DA3AF481366404CF /* [CP] Check Pods Manifest.lock */,
				34813A241CE7783500417CD2 /* Sources */,
				34813A251CE7783500417CD2 /* Frameworks */,
				34813A261CE7783500417CD2 /* Resources */,
				837A78F7B63074470B5B5516 /* [CP] Copy Pods Resources */,
			);
			buildRules = (
			);
			dependencies = (
				34813A2A1CE7783500417CD2 /* PBXTargetDependency */,
			);
			name = RizeUITests;
			productName = RizeUITests;
			productReference = 34813A281CE7783500417CD2 /* RizeUITests.xctest */;
			productType = "com.apple.product-type.bundle.ui-testing";
		};
/* End PBXNativeTarget section */

/* Begin PBXProject section */
		34813A011CE7783400417CD2 /* Project object */ = {
			isa = PBXProject;
			attributes = {
				LastSwiftUpdateCheck = 0730;
				LastUpgradeCheck = 0800;
				ORGANIZATIONNAME = Rize;
				TargetAttributes = {
					34813A081CE7783400417CD2 = {
						CreatedOnToolsVersion = 7.3.1;
						DevelopmentTeam = 9M7U7NX65P;
						LastSwiftMigration = 0800;
						SystemCapabilities = {
							com.apple.Keychain = {
								enabled = 1;
							};
							com.apple.Push = {
								enabled = 1;
							};
						};
					};
					34813A1C1CE7783400417CD2 = {
						CreatedOnToolsVersion = 7.3.1;
						LastSwiftMigration = 0800;
						TestTargetID = 34813A081CE7783400417CD2;
					};
					34813A271CE7783500417CD2 = {
						CreatedOnToolsVersion = 7.3.1;
						LastSwiftMigration = 0800;
						TestTargetID = 34813A081CE7783400417CD2;
					};
				};
			};
			buildConfigurationList = 34813A041CE7783400417CD2 /* Build configuration list for PBXProject "Rize" */;
			compatibilityVersion = "Xcode 3.2";
			developmentRegion = English;
			hasScannedForEncodings = 0;
			knownRegions = (
				en,
				Base,
			);
			mainGroup = 34813A001CE7783400417CD2;
			productRefGroup = 34813A0A1CE7783400417CD2 /* Products */;
			projectDirPath = "";
			projectRoot = "";
			targets = (
				34813A081CE7783400417CD2 /* Rize */,
				34813A1C1CE7783400417CD2 /* RizeTests */,
				34813A271CE7783500417CD2 /* RizeUITests */,
			);
		};
/* End PBXProject section */

/* Begin PBXResourcesBuildPhase section */
		34813A071CE7783400417CD2 /* Resources */ = {
			isa = PBXResourcesBuildPhase;
			buildActionMask = 2147483647;
			files = (
				34813A171CE7783400417CD2 /* LaunchScreen.storyboard in Resources */,
				34B606AE1D6003490031DA5D /* GoogleService-Info.plist in Resources */,
				34813A141CE7783400417CD2 /* Assets.xcassets in Resources */,
				34813A121CE7783400417CD2 /* Main.storyboard in Resources */,
			);
			runOnlyForDeploymentPostprocessing = 0;
		};
		34813A1B1CE7783400417CD2 /* Resources */ = {
			isa = PBXResourcesBuildPhase;
			buildActionMask = 2147483647;
			files = (
			);
			runOnlyForDeploymentPostprocessing = 0;
		};
		34813A261CE7783500417CD2 /* Resources */ = {
			isa = PBXResourcesBuildPhase;
			buildActionMask = 2147483647;
			files = (
			);
			runOnlyForDeploymentPostprocessing = 0;
		};
/* End PBXResourcesBuildPhase section */

/* Begin PBXShellScriptBuildPhase section */
		29EC340D7DF0F84C75063F45 /* [CP] Copy Pods Resources */ = {
			isa = PBXShellScriptBuildPhase;
			buildActionMask = 2147483647;
			files = (
			);
			inputPaths = (
			);
			name = "[CP] Copy Pods Resources";
			outputPaths = (
			);
			runOnlyForDeploymentPostprocessing = 0;
			shellPath = /bin/sh;
			shellScript = "\"${SRCROOT}/Pods/Target Support Files/Pods-Rize/Pods-Rize-resources.sh\"\n";
			showEnvVarsInLog = 0;
		};
		3403ABD81D81B98F005EE0BB /* ShellScript */ = {
			isa = PBXShellScriptBuildPhase;
			buildActionMask = 2147483647;
			files = (
			);
			inputPaths = (
			);
			outputPaths = (
			);
			runOnlyForDeploymentPostprocessing = 0;
			shellPath = /bin/sh;
			shellScript = "buildNumber=$(/usr/libexec/PlistBuddy -c \"Print CFBundleVersion\" \"${PROJECT_DIR}/${INFOPLIST_FILE}\")  \nbuildNumber=$(($buildNumber + 1))  \n/usr/libexec/PlistBuddy -c \"Set :CFBundleVersion $buildNumber\" \"${PROJECT_DIR}/${INFOPLIST_FILE}\"";
		};
		6B5F9562B3EED19714D986E7 /* [CP] Check Pods Manifest.lock */ = {
			isa = PBXShellScriptBuildPhase;
			buildActionMask = 2147483647;
			files = (
			);
			inputPaths = (
			);
			name = "[CP] Check Pods Manifest.lock";
			outputPaths = (
			);
			runOnlyForDeploymentPostprocessing = 0;
			shellPath = /bin/sh;
			shellScript = "diff \"${PODS_ROOT}/../Podfile.lock\" \"${PODS_ROOT}/Manifest.lock\" > /dev/null\nif [[ $? != 0 ]] ; then\n    cat << EOM\nerror: The sandbox is not in sync with the Podfile.lock. Run 'pod install' or update your CocoaPods installation.\nEOM\n    exit 1\nfi\n";
			showEnvVarsInLog = 0;
		};
		7E5F6B62736580860989BFD8 /* [CP] Embed Pods Frameworks */ = {
			isa = PBXShellScriptBuildPhase;
			buildActionMask = 2147483647;
			files = (
			);
			inputPaths = (
			);
			name = "[CP] Embed Pods Frameworks";
			outputPaths = (
			);
			runOnlyForDeploymentPostprocessing = 0;
			shellPath = /bin/sh;
			shellScript = "\"${SRCROOT}/Pods/Target Support Files/Pods-Rize/Pods-Rize-frameworks.sh\"\n";
			showEnvVarsInLog = 0;
		};
		837A78F7B63074470B5B5516 /* [CP] Copy Pods Resources */ = {
			isa = PBXShellScriptBuildPhase;
			buildActionMask = 2147483647;
			files = (
			);
			inputPaths = (
			);
			name = "[CP] Copy Pods Resources";
			outputPaths = (
			);
			runOnlyForDeploymentPostprocessing = 0;
			shellPath = /bin/sh;
			shellScript = "\"${SRCROOT}/Pods/Target Support Files/Pods-RizeUITests/Pods-RizeUITests-resources.sh\"\n";
			showEnvVarsInLog = 0;
		};
		910A02983ED6F174FA0FA83C /* [CP] Copy Pods Resources */ = {
			isa = PBXShellScriptBuildPhase;
			buildActionMask = 2147483647;
			files = (
			);
			inputPaths = (
			);
			name = "[CP] Copy Pods Resources";
			outputPaths = (
			);
			runOnlyForDeploymentPostprocessing = 0;
			shellPath = /bin/sh;
			shellScript = "\"${SRCROOT}/Pods/Target Support Files/Pods-RizeTests/Pods-RizeTests-resources.sh\"\n";
			showEnvVarsInLog = 0;
		};
		97C22275EF5C852EB2A42475 /* [CP] Check Pods Manifest.lock */ = {
			isa = PBXShellScriptBuildPhase;
			buildActionMask = 2147483647;
			files = (
			);
			inputPaths = (
			);
			name = "[CP] Check Pods Manifest.lock";
			outputPaths = (
			);
			runOnlyForDeploymentPostprocessing = 0;
			shellPath = /bin/sh;
			shellScript = "diff \"${PODS_ROOT}/../Podfile.lock\" \"${PODS_ROOT}/Manifest.lock\" > /dev/null\nif [[ $? != 0 ]] ; then\n    cat << EOM\nerror: The sandbox is not in sync with the Podfile.lock. Run 'pod install' or update your CocoaPods installation.\nEOM\n    exit 1\nfi\n";
			showEnvVarsInLog = 0;
		};
		A5022804DA3AF481366404CF /* [CP] Check Pods Manifest.lock */ = {
			isa = PBXShellScriptBuildPhase;
			buildActionMask = 2147483647;
			files = (
			);
			inputPaths = (
			);
			name = "[CP] Check Pods Manifest.lock";
			outputPaths = (
			);
			runOnlyForDeploymentPostprocessing = 0;
			shellPath = /bin/sh;
			shellScript = "diff \"${PODS_ROOT}/../Podfile.lock\" \"${PODS_ROOT}/Manifest.lock\" > /dev/null\nif [[ $? != 0 ]] ; then\n    cat << EOM\nerror: The sandbox is not in sync with the Podfile.lock. Run 'pod install' or update your CocoaPods installation.\nEOM\n    exit 1\nfi\n";
			showEnvVarsInLog = 0;
		};
		E671C89AF1289B5899B540A5 /* [CP] Embed Pods Frameworks */ = {
			isa = PBXShellScriptBuildPhase;
			buildActionMask = 2147483647;
			files = (
			);
			inputPaths = (
			);
			name = "[CP] Embed Pods Frameworks";
			outputPaths = (
			);
			runOnlyForDeploymentPostprocessing = 0;
			shellPath = /bin/sh;
			shellScript = "\"${SRCROOT}/Pods/Target Support Files/Pods-RizeTests/Pods-RizeTests-frameworks.sh\"\n";
			showEnvVarsInLog = 0;
		};
/* End PBXShellScriptBuildPhase section */

/* Begin PBXSourcesBuildPhase section */
		34813A051CE7783400417CD2 /* Sources */ = {
			isa = PBXSourcesBuildPhase;
			buildActionMask = 2147483647;
			files = (
				3447A1351D01227800AAB490 /* ImageLoader.swift in Sources */,
				343910C81E0B0E97003DA86D /* RZSubmission.swift in Sources */,
				343910C41E0AD05E003DA86D /* ArrowBaseShape.swift in Sources */,
				34DC55AE1CFE6D5D00359C44 /* RZChallengeCollectionViewCell.swift in Sources */,
				343910C61E0AD071003DA86D /* ArrowTipShape.swift in Sources */,
				34813A0D1CE7783400417CD2 /* AppDelegate.swift in Sources */,
				3483D0DD1CF6710B00832BE4 /* RZBrowseViewController.swift in Sources */,
				345DFEE51E143E7D00DB216A /* RZColors.swift in Sources */,
				345A51471E0C4C7A0051840F /* RZGeofence.swift in Sources */,
				34F800AD1E120642005D11E0 /* RZFBGraphRequestHelper.swift in Sources */,
				34CB5F701D1A124B00B0E95B /* RZCameraViewController.swift in Sources */,
				34E00F311E09C43100542A06 /* LoadingArcShape.swift in Sources */,
				345A51451E0C219D0051840F /* RZCircularProgressView.swift in Sources */,
				34E00F2F1E09AE2E00542A06 /* RZUploadAlertViewController.swift in Sources */,
				344429931D2821EA00F44401 /* RZMeViewController.swift in Sources */,
				345A51431E0C1F4E0051840F /* RZSubmissionDetailViewController.swift in Sources */,
				3447A12E1D01117B00AAB490 /* RZChallengeDetailViewController.swift in Sources */,
				345B93B91CF7D4BA00456D84 /* RZChallenge.swift in Sources */,
				348CBA4C1D80ADD7003678F7 /* RZStorage.swift in Sources */,
				34DE791E1D5E14E100803148 /* RZLoginViewController.swift in Sources */,
				3478F0401D61197100113EB1 /* RZDatabase.swift in Sources */,
				34EC2E7A1E156BD20033E827 /* RZSubmissionTableViewCell.swift in Sources */,
				344429951D28447100F44401 /* RZUser.swift in Sources */,
				343D51E11D329B5800E8741E /* RZSettingsTableViewController.swift in Sources */,
				34B4EB461E33F3B800009C20 /* RZLegalViewController.swift in Sources */,
			);
			runOnlyForDeploymentPostprocessing = 0;
		};
		34813A191CE7783400417CD2 /* Sources */ = {
			isa = PBXSourcesBuildPhase;
			buildActionMask = 2147483647;
			files = (
				34813A221CE7783400417CD2 /* RizeTests.swift in Sources */,
			);
			runOnlyForDeploymentPostprocessing = 0;
		};
		34813A241CE7783500417CD2 /* Sources */ = {
			isa = PBXSourcesBuildPhase;
			buildActionMask = 2147483647;
			files = (
				34813A2D1CE7783500417CD2 /* RizeUITests.swift in Sources */,
			);
			runOnlyForDeploymentPostprocessing = 0;
		};
/* End PBXSourcesBuildPhase section */

/* Begin PBXTargetDependency section */
		34813A1F1CE7783400417CD2 /* PBXTargetDependency */ = {
			isa = PBXTargetDependency;
			target = 34813A081CE7783400417CD2 /* Rize */;
			targetProxy = 34813A1E1CE7783400417CD2 /* PBXContainerItemProxy */;
		};
		34813A2A1CE7783500417CD2 /* PBXTargetDependency */ = {
			isa = PBXTargetDependency;
			target = 34813A081CE7783400417CD2 /* Rize */;
			targetProxy = 34813A291CE7783500417CD2 /* PBXContainerItemProxy */;
		};
/* End PBXTargetDependency section */

/* Begin PBXVariantGroup section */
		34813A101CE7783400417CD2 /* Main.storyboard */ = {
			isa = PBXVariantGroup;
			children = (
				34813A111CE7783400417CD2 /* Base */,
			);
			name = Main.storyboard;
			sourceTree = "<group>";
		};
		34813A151CE7783400417CD2 /* LaunchScreen.storyboard */ = {
			isa = PBXVariantGroup;
			children = (
				34813A161CE7783400417CD2 /* Base */,
			);
			name = LaunchScreen.storyboard;
			sourceTree = "<group>";
		};
/* End PBXVariantGroup section */

/* Begin XCBuildConfiguration section */
		34813A2F1CE7783500417CD2 /* Debug */ = {
			isa = XCBuildConfiguration;
			buildSettings = {
				ALWAYS_SEARCH_USER_PATHS = NO;
				CLANG_ANALYZER_NONNULL = YES;
				CLANG_CXX_LANGUAGE_STANDARD = "gnu++0x";
				CLANG_CXX_LIBRARY = "libc++";
				CLANG_ENABLE_MODULES = YES;
				CLANG_ENABLE_OBJC_ARC = YES;
				CLANG_WARN_BOOL_CONVERSION = YES;
				CLANG_WARN_CONSTANT_CONVERSION = YES;
				CLANG_WARN_DIRECT_OBJC_ISA_USAGE = YES_ERROR;
				CLANG_WARN_EMPTY_BODY = YES;
				CLANG_WARN_ENUM_CONVERSION = YES;
				CLANG_WARN_INFINITE_RECURSION = YES;
				CLANG_WARN_INT_CONVERSION = YES;
				CLANG_WARN_OBJC_ROOT_CLASS = YES_ERROR;
				CLANG_WARN_SUSPICIOUS_MOVE = YES;
				CLANG_WARN_UNREACHABLE_CODE = YES;
				CLANG_WARN__DUPLICATE_METHOD_MATCH = YES;
				"CODE_SIGN_IDENTITY[sdk=iphoneos*]" = "iPhone Developer";
				COPY_PHASE_STRIP = NO;
				DEBUG_INFORMATION_FORMAT = dwarf;
				ENABLE_STRICT_OBJC_MSGSEND = YES;
				ENABLE_TESTABILITY = YES;
				GCC_C_LANGUAGE_STANDARD = gnu99;
				GCC_DYNAMIC_NO_PIC = NO;
				GCC_NO_COMMON_BLOCKS = YES;
				GCC_OPTIMIZATION_LEVEL = 0;
				GCC_PREPROCESSOR_DEFINITIONS = (
					"DEBUG=1",
					"$(inherited)",
				);
				GCC_WARN_64_TO_32_BIT_CONVERSION = YES;
				GCC_WARN_ABOUT_RETURN_TYPE = YES_ERROR;
				GCC_WARN_UNDECLARED_SELECTOR = YES;
				GCC_WARN_UNINITIALIZED_AUTOS = YES_AGGRESSIVE;
				GCC_WARN_UNUSED_FUNCTION = YES;
				GCC_WARN_UNUSED_VARIABLE = YES;
				IPHONEOS_DEPLOYMENT_TARGET = 9.3;
				MTL_ENABLE_DEBUG_INFO = YES;
				ONLY_ACTIVE_ARCH = YES;
				SDKROOT = iphoneos;
				SWIFT_OPTIMIZATION_LEVEL = "-Onone";
			};
			name = Debug;
		};
		34813A301CE7783500417CD2 /* Release */ = {
			isa = XCBuildConfiguration;
			buildSettings = {
				ALWAYS_SEARCH_USER_PATHS = NO;
				CLANG_ANALYZER_NONNULL = YES;
				CLANG_CXX_LANGUAGE_STANDARD = "gnu++0x";
				CLANG_CXX_LIBRARY = "libc++";
				CLANG_ENABLE_MODULES = YES;
				CLANG_ENABLE_OBJC_ARC = YES;
				CLANG_WARN_BOOL_CONVERSION = YES;
				CLANG_WARN_CONSTANT_CONVERSION = YES;
				CLANG_WARN_DIRECT_OBJC_ISA_USAGE = YES_ERROR;
				CLANG_WARN_EMPTY_BODY = YES;
				CLANG_WARN_ENUM_CONVERSION = YES;
				CLANG_WARN_INFINITE_RECURSION = YES;
				CLANG_WARN_INT_CONVERSION = YES;
				CLANG_WARN_OBJC_ROOT_CLASS = YES_ERROR;
				CLANG_WARN_SUSPICIOUS_MOVE = YES;
				CLANG_WARN_UNREACHABLE_CODE = YES;
				CLANG_WARN__DUPLICATE_METHOD_MATCH = YES;
				"CODE_SIGN_IDENTITY[sdk=iphoneos*]" = "iPhone Developer";
				COPY_PHASE_STRIP = NO;
				DEBUG_INFORMATION_FORMAT = "dwarf-with-dsym";
				ENABLE_NS_ASSERTIONS = NO;
				ENABLE_STRICT_OBJC_MSGSEND = YES;
				GCC_C_LANGUAGE_STANDARD = gnu99;
				GCC_NO_COMMON_BLOCKS = YES;
				GCC_WARN_64_TO_32_BIT_CONVERSION = YES;
				GCC_WARN_ABOUT_RETURN_TYPE = YES_ERROR;
				GCC_WARN_UNDECLARED_SELECTOR = YES;
				GCC_WARN_UNINITIALIZED_AUTOS = YES_AGGRESSIVE;
				GCC_WARN_UNUSED_FUNCTION = YES;
				GCC_WARN_UNUSED_VARIABLE = YES;
				IPHONEOS_DEPLOYMENT_TARGET = 9.3;
				MTL_ENABLE_DEBUG_INFO = NO;
				SDKROOT = iphoneos;
				SWIFT_OPTIMIZATION_LEVEL = "-Owholemodule";
				VALIDATE_PRODUCT = YES;
			};
			name = Release;
		};
		34813A321CE7783500417CD2 /* Debug */ = {
			isa = XCBuildConfiguration;
			baseConfigurationReference = F9B769BA519B135B3790B051 /* Pods-Rize.debug.xcconfig */;
			buildSettings = {
				ASSETCATALOG_COMPILER_APPICON_NAME = AppIcon;
				CODE_SIGN_ENTITLEMENTS = Rize/Rize.entitlements;
				CODE_SIGN_IDENTITY = "iPhone Developer";
				"CODE_SIGN_IDENTITY[sdk=iphoneos*]" = "iPhone Developer";
				FRAMEWORK_SEARCH_PATHS = (
					"$(inherited)",
					"$(PROJECT_DIR)/Carthage/Build/iOS",
					"$(PROJECT_DIR)/google_signin_sdk_4_0_0",
					"$(PROJECT_DIR)",
				);
				INFOPLIST_FILE = Rize/Info.plist;
				IPHONEOS_DEPLOYMENT_TARGET = 9.0;
				LD_RUNPATH_SEARCH_PATHS = "$(inherited) @executable_path/Frameworks";
				"OTHER_LDFLAGS[arch=*]" = (
					"$(OTHER_LDFLAGS)",
					"-ObjC",
				);
				PRODUCT_BUNDLE_IDENTIFIER = com.rize.Rize;
				PRODUCT_NAME = "$(TARGET_NAME)";
				PROVISIONING_PROFILE = "";
				"SWIFT_OBJC_BRIDGING_HEADER[arch=*]" = "Rize/Rize-Bridging-Header.h";
				SWIFT_VERSION = 3.0;
			};
			name = Debug;
		};
		34813A331CE7783500417CD2 /* Release */ = {
			isa = XCBuildConfiguration;
			baseConfigurationReference = 05034A37EE05C5D25A3C1520 /* Pods-Rize.release.xcconfig */;
			buildSettings = {
				ASSETCATALOG_COMPILER_APPICON_NAME = AppIcon;
				CODE_SIGN_ENTITLEMENTS = Rize/Rize.entitlements;
				CODE_SIGN_IDENTITY = "iPhone Developer";
				"CODE_SIGN_IDENTITY[sdk=iphoneos*]" = "iPhone Developer";
				FRAMEWORK_SEARCH_PATHS = (
					"$(inherited)",
					"$(PROJECT_DIR)/Carthage/Build/iOS",
					"$(PROJECT_DIR)/google_signin_sdk_4_0_0",
					"$(PROJECT_DIR)",
				);
				INFOPLIST_FILE = Rize/Info.plist;
				IPHONEOS_DEPLOYMENT_TARGET = 9.0;
				LD_RUNPATH_SEARCH_PATHS = "$(inherited) @executable_path/Frameworks";
				"OTHER_LDFLAGS[arch=*]" = (
					"$(OTHER_LDFLAGS)",
					"-ObjC",
				);
				PRODUCT_BUNDLE_IDENTIFIER = com.rize.Rize;
				PRODUCT_NAME = "$(TARGET_NAME)";
				PROVISIONING_PROFILE = "";
				"SWIFT_OBJC_BRIDGING_HEADER[arch=*]" = "Rize/Rize-Bridging-Header.h";
				SWIFT_VERSION = 3.0;
			};
			name = Release;
		};
		34813A351CE7783500417CD2 /* Debug */ = {
			isa = XCBuildConfiguration;
			baseConfigurationReference = A192DE98B4C47ED8F4322BE3 /* Pods-RizeTests.debug.xcconfig */;
			buildSettings = {
				BUNDLE_LOADER = "$(TEST_HOST)";
				INFOPLIST_FILE = RizeTests/Info.plist;
				LD_RUNPATH_SEARCH_PATHS = "$(inherited) @executable_path/Frameworks @loader_path/Frameworks";
				PRODUCT_BUNDLE_IDENTIFIER = com.rize.RizeTests;
				PRODUCT_NAME = "$(TARGET_NAME)";
				SWIFT_VERSION = 3.0;
				TEST_HOST = "$(BUILT_PRODUCTS_DIR)/Rize.app/Rize";
			};
			name = Debug;
		};
		34813A361CE7783500417CD2 /* Release */ = {
			isa = XCBuildConfiguration;
			baseConfigurationReference = C502535F03F4CCB9E3312FEE /* Pods-RizeTests.release.xcconfig */;
			buildSettings = {
				BUNDLE_LOADER = "$(TEST_HOST)";
				INFOPLIST_FILE = RizeTests/Info.plist;
				LD_RUNPATH_SEARCH_PATHS = "$(inherited) @executable_path/Frameworks @loader_path/Frameworks";
				PRODUCT_BUNDLE_IDENTIFIER = com.rize.RizeTests;
				PRODUCT_NAME = "$(TARGET_NAME)";
				SWIFT_VERSION = 3.0;
				TEST_HOST = "$(BUILT_PRODUCTS_DIR)/Rize.app/Rize";
			};
			name = Release;
		};
		34813A381CE7783500417CD2 /* Debug */ = {
			isa = XCBuildConfiguration;
			baseConfigurationReference = D5453F85682B433F5E841673 /* Pods-RizeUITests.debug.xcconfig */;
			buildSettings = {
				INFOPLIST_FILE = RizeUITests/Info.plist;
				LD_RUNPATH_SEARCH_PATHS = "$(inherited) @executable_path/Frameworks @loader_path/Frameworks";
				PRODUCT_BUNDLE_IDENTIFIER = com.rize.RizeUITests;
				PRODUCT_NAME = "$(TARGET_NAME)";
				SWIFT_VERSION = 3.0;
				TEST_TARGET_NAME = Rize;
			};
			name = Debug;
		};
		34813A391CE7783500417CD2 /* Release */ = {
			isa = XCBuildConfiguration;
			baseConfigurationReference = 9565951270174C9FAB6A3EAB /* Pods-RizeUITests.release.xcconfig */;
			buildSettings = {
				INFOPLIST_FILE = RizeUITests/Info.plist;
				LD_RUNPATH_SEARCH_PATHS = "$(inherited) @executable_path/Frameworks @loader_path/Frameworks";
				PRODUCT_BUNDLE_IDENTIFIER = com.rize.RizeUITests;
				PRODUCT_NAME = "$(TARGET_NAME)";
				SWIFT_VERSION = 3.0;
				TEST_TARGET_NAME = Rize;
			};
			name = Release;
		};
/* End XCBuildConfiguration section */

/* Begin XCConfigurationList section */
		34813A041CE7783400417CD2 /* Build configuration list for PBXProject "Rize" */ = {
			isa = XCConfigurationList;
			buildConfigurations = (
				34813A2F1CE7783500417CD2 /* Debug */,
				34813A301CE7783500417CD2 /* Release */,
			);
			defaultConfigurationIsVisible = 0;
			defaultConfigurationName = Release;
		};
		34813A311CE7783500417CD2 /* Build configuration list for PBXNativeTarget "Rize" */ = {
			isa = XCConfigurationList;
			buildConfigurations = (
				34813A321CE7783500417CD2 /* Debug */,
				34813A331CE7783500417CD2 /* Release */,
			);
			defaultConfigurationIsVisible = 0;
			defaultConfigurationName = Release;
		};
		34813A341CE7783500417CD2 /* Build configuration list for PBXNativeTarget "RizeTests" */ = {
			isa = XCConfigurationList;
			buildConfigurations = (
				34813A351CE7783500417CD2 /* Debug */,
				34813A361CE7783500417CD2 /* Release */,
			);
			defaultConfigurationIsVisible = 0;
			defaultConfigurationName = Release;
		};
		34813A371CE7783500417CD2 /* Build configuration list for PBXNativeTarget "RizeUITests" */ = {
			isa = XCConfigurationList;
			buildConfigurations = (
				34813A381CE7783500417CD2 /* Debug */,
				34813A391CE7783500417CD2 /* Release */,
			);
			defaultConfigurationIsVisible = 0;
			defaultConfigurationName = Release;
		};
/* End XCConfigurationList section */
	};
	rootObject = 34813A011CE7783400417CD2 /* Project object */;
}
